// !$*UTF8*$!
{
	archiveVersion = 1;
	classes = {
	};
	objectVersion = 55;
	objects = {

/* Begin PBXBuildFile section */
		88AD97DF288812A400C6CFBF /* ApiCall.swift in Sources */ = {isa = PBXBuildFile; fileRef = 88AD97D1288812A400C6CFBF /* ApiCall.swift */; };
		88AD97E0288812A400C6CFBF /* Webservice+EndPoints.swift in Sources */ = {isa = PBXBuildFile; fileRef = 88AD97D2288812A400C6CFBF /* Webservice+EndPoints.swift */; };
		88AD97E1288812A400C6CFBF /* LocalStorageEngine.swift in Sources */ = {isa = PBXBuildFile; fileRef = 88AD97D4288812A400C6CFBF /* LocalStorageEngine.swift */; };
		88AD97E2288812A400C6CFBF /* Extension.swift in Sources */ = {isa = PBXBuildFile; fileRef = 88AD97D6288812A400C6CFBF /* Extension.swift */; };
		88AD97E3288812A400C6CFBF /* RemoteLogger.swift in Sources */ = {isa = PBXBuildFile; fileRef = 88AD97D8288812A400C6CFBF /* RemoteLogger.swift */; };
		88AD97E4288812A400C6CFBF /* Reachability.swift in Sources */ = {isa = PBXBuildFile; fileRef = 88AD97DA288812A400C6CFBF /* Reachability.swift */; };
		88AD97E5288812A400C6CFBF /* RequestLogModel.swift in Sources */ = {isa = PBXBuildFile; fileRef = 88AD97DC288812A400C6CFBF /* RequestLogModel.swift */; };
		88AD97E6288812A400C6CFBF /* File.swift in Sources */ = {isa = PBXBuildFile; fileRef = 88AD97DE288812A400C6CFBF /* File.swift */; };
		88BFDECB2886D91000706F23 /* Realm.xcframework in Frameworks */ = {isa = PBXBuildFile; fileRef = 88BFDEC92886D91000706F23 /* Realm.xcframework */; };
		88BFDECD2886D91000706F23 /* RealmSwift.xcframework in Frameworks */ = {isa = PBXBuildFile; fileRef = 88BFDECA2886D91000706F23 /* RealmSwift.xcframework */; };
		88CE6FC7287BDEA5006CD8FA /* ViewController.swift in Sources */ = {isa = PBXBuildFile; fileRef = 88CE6FC6287BDEA5006CD8FA /* ViewController.swift */; };
		88CE6FCA287BDEA5006CD8FA /* Main.storyboard in Resources */ = {isa = PBXBuildFile; fileRef = 88CE6FC8287BDEA5006CD8FA /* Main.storyboard */; };
		88CE6FCC287BDEA6006CD8FA /* Assets.xcassets in Resources */ = {isa = PBXBuildFile; fileRef = 88CE6FCB287BDEA6006CD8FA /* Assets.xcassets */; };
		88CE6FCF287BDEA6006CD8FA /* LaunchScreen.storyboard in Resources */ = {isa = PBXBuildFile; fileRef = 88CE6FCD287BDEA6006CD8FA /* LaunchScreen.storyboard */; };
		88CE6FE5287BDF14006CD8FA /* AppDelegate.swift in Sources */ = {isa = PBXBuildFile; fileRef = 88CE6FE4287BDF14006CD8FA /* AppDelegate.swift */; };
/* End PBXBuildFile section */

/* Begin PBXFileReference section */
		88AD97D1288812A400C6CFBF /* ApiCall.swift */ = {isa = PBXFileReference; fileEncoding = 4; lastKnownFileType = sourcecode.swift; path = ApiCall.swift; sourceTree = "<group>"; };
		88AD97D2288812A400C6CFBF /* Webservice+EndPoints.swift */ = {isa = PBXFileReference; fileEncoding = 4; lastKnownFileType = sourcecode.swift; path = "Webservice+EndPoints.swift"; sourceTree = "<group>"; };
		88AD97D4288812A400C6CFBF /* LocalStorageEngine.swift */ = {isa = PBXFileReference; fileEncoding = 4; lastKnownFileType = sourcecode.swift; path = LocalStorageEngine.swift; sourceTree = "<group>"; };
		88AD97D6288812A400C6CFBF /* Extension.swift */ = {isa = PBXFileReference; fileEncoding = 4; lastKnownFileType = sourcecode.swift; path = Extension.swift; sourceTree = "<group>"; };
		88AD97D8288812A400C6CFBF /* RemoteLogger.swift */ = {isa = PBXFileReference; fileEncoding = 4; lastKnownFileType = sourcecode.swift; path = RemoteLogger.swift; sourceTree = "<group>"; };
		88AD97DA288812A400C6CFBF /* Reachability.swift */ = {isa = PBXFileReference; fileEncoding = 4; lastKnownFileType = sourcecode.swift; path = Reachability.swift; sourceTree = "<group>"; };
		88AD97DC288812A400C6CFBF /* RequestLogModel.swift */ = {isa = PBXFileReference; fileEncoding = 4; lastKnownFileType = sourcecode.swift; path = RequestLogModel.swift; sourceTree = "<group>"; };
		88AD97DE288812A400C6CFBF /* File.swift */ = {isa = PBXFileReference; fileEncoding = 4; lastKnownFileType = sourcecode.swift; path = File.swift; sourceTree = "<group>"; };
		88BFDEC92886D91000706F23 /* Realm.xcframework */ = {isa = PBXFileReference; lastKnownFileType = wrapper.xcframework; name = Realm.xcframework; path = RemoteLoggeriOSPodFile/13.1/Realm.xcframework; sourceTree = "<group>"; };
		88BFDECA2886D91000706F23 /* RealmSwift.xcframework */ = {isa = PBXFileReference; lastKnownFileType = wrapper.xcframework; name = RealmSwift.xcframework; path = RemoteLoggeriOSPodFile/13.1/RealmSwift.xcframework; sourceTree = "<group>"; };
		88CE6FBF287BDEA5006CD8FA /* RemoteLoggeriOSPodFile.app */ = {isa = PBXFileReference; explicitFileType = wrapper.application; includeInIndex = 0; path = RemoteLoggeriOSPodFile.app; sourceTree = BUILT_PRODUCTS_DIR; };
		88CE6FC6287BDEA5006CD8FA /* ViewController.swift */ = {isa = PBXFileReference; lastKnownFileType = sourcecode.swift; path = ViewController.swift; sourceTree = "<group>"; };
		88CE6FC9287BDEA5006CD8FA /* Base */ = {isa = PBXFileReference; lastKnownFileType = file.storyboard; name = Base; path = Base.lproj/Main.storyboard; sourceTree = "<group>"; };
		88CE6FCB287BDEA6006CD8FA /* Assets.xcassets */ = {isa = PBXFileReference; lastKnownFileType = folder.assetcatalog; path = Assets.xcassets; sourceTree = "<group>"; };
		88CE6FCE287BDEA6006CD8FA /* Base */ = {isa = PBXFileReference; lastKnownFileType = file.storyboard; name = Base; path = Base.lproj/LaunchScreen.storyboard; sourceTree = "<group>"; };
		88CE6FD0287BDEA6006CD8FA /* Info.plist */ = {isa = PBXFileReference; lastKnownFileType = text.plist.xml; path = Info.plist; sourceTree = "<group>"; };
		88CE6FE4287BDF14006CD8FA /* AppDelegate.swift */ = {isa = PBXFileReference; fileEncoding = 4; lastKnownFileType = sourcecode.swift; path = AppDelegate.swift; sourceTree = "<group>"; };
/* End PBXFileReference section */

/* Begin PBXFrameworksBuildPhase section */
		88CE6FBC287BDEA5006CD8FA /* Frameworks */ = {
			isa = PBXFrameworksBuildPhase;
			buildActionMask = 2147483647;
			files = (
				88BFDECB2886D91000706F23 /* Realm.xcframework in Frameworks */,
				88BFDECD2886D91000706F23 /* RealmSwift.xcframework in Frameworks */,
			);
			runOnlyForDeploymentPostprocessing = 0;
		};
/* End PBXFrameworksBuildPhase section */

/* Begin PBXGroup section */
		88AD97CF288812A400C6CFBF /* LoggerFile */ = {
			isa = PBXGroup;
			children = (
				88AD97D4288812A400C6CFBF /* LocalStorageEngine.swift */,
				88AD97D1288812A400C6CFBF /* ApiCall.swift */,
				88AD97D2288812A400C6CFBF /* Webservice+EndPoints.swift */,
				88AD97D8288812A400C6CFBF /* RemoteLogger.swift */,
				88AD97DA288812A400C6CFBF /* Reachability.swift */,
				88AD97DC288812A400C6CFBF /* RequestLogModel.swift */,
				88AD97D6288812A400C6CFBF /* Extension.swift */,
				88AD97DE288812A400C6CFBF /* File.swift */,
			);
			path = LoggerFile;
			sourceTree = "<group>";
		};
		88CE6FB6287BDEA5006CD8FA = {
			isa = PBXGroup;
			children = (
				88CE6FC1287BDEA5006CD8FA /* RemoteLoggeriOSPodFile */,
				88CE6FC0287BDEA5006CD8FA /* Products */,
				88CE7007287BE555006CD8FA /* Frameworks */,
			);
			sourceTree = "<group>";
		};
		88CE6FC0287BDEA5006CD8FA /* Products */ = {
			isa = PBXGroup;
			children = (
				88CE6FBF287BDEA5006CD8FA /* RemoteLoggeriOSPodFile.app */,
			);
			name = Products;
			sourceTree = "<group>";
		};
		88CE6FC1287BDEA5006CD8FA /* RemoteLoggeriOSPodFile */ = {
			isa = PBXGroup;
			children = (
				88AD97CF288812A400C6CFBF /* LoggerFile */,
				88CE6FC6287BDEA5006CD8FA /* ViewController.swift */,
				88CE6FE4287BDF14006CD8FA /* AppDelegate.swift */,
				88CE6FC8287BDEA5006CD8FA /* Main.storyboard */,
				88CE6FCB287BDEA6006CD8FA /* Assets.xcassets */,
				88CE6FCD287BDEA6006CD8FA /* LaunchScreen.storyboard */,
				88CE6FD0287BDEA6006CD8FA /* Info.plist */,
			);
			path = RemoteLoggeriOSPodFile;
			sourceTree = "<group>";
		};
		88CE7007287BE555006CD8FA /* Frameworks */ = {
			isa = PBXGroup;
			children = (
				88BFDEC92886D91000706F23 /* Realm.xcframework */,
				88BFDECA2886D91000706F23 /* RealmSwift.xcframework */,
			);
			name = Frameworks;
			sourceTree = "<group>";
		};
/* End PBXGroup section */

/* Begin PBXNativeTarget section */
		88CE6FBE287BDEA5006CD8FA /* RemoteLoggeriOSPodFile */ = {
			isa = PBXNativeTarget;
			buildConfigurationList = 88CE6FD3287BDEA6006CD8FA /* Build configuration list for PBXNativeTarget "RemoteLoggeriOSPodFile" */;
			buildPhases = (
				88CE6FBB287BDEA5006CD8FA /* Sources */,
				88CE6FBC287BDEA5006CD8FA /* Frameworks */,
				88CE6FBD287BDEA5006CD8FA /* Resources */,
			);
			buildRules = (
			);
			dependencies = (
			);
			name = RemoteLoggeriOSPodFile;
			productName = RemoteLoggeriOSPodFile;
			productReference = 88CE6FBF287BDEA5006CD8FA /* RemoteLoggeriOSPodFile.app */;
			productType = "com.apple.product-type.application";
		};
/* End PBXNativeTarget section */

/* Begin PBXProject section */
		88CE6FB7287BDEA5006CD8FA /* Project object */ = {
			isa = PBXProject;
			attributes = {
				BuildIndependentTargetsInParallel = 1;
				LastSwiftUpdateCheck = 1310;
				LastUpgradeCheck = 1310;
				TargetAttributes = {
					88CE6FBE287BDEA5006CD8FA = {
						CreatedOnToolsVersion = 13.1;
					};
				};
			};
			buildConfigurationList = 88CE6FBA287BDEA5006CD8FA /* Build configuration list for PBXProject "RemoteLoggeriOSPodFile" */;
			compatibilityVersion = "Xcode 13.0";
			developmentRegion = en;
			hasScannedForEncodings = 0;
			knownRegions = (
				en,
				Base,
			);
			mainGroup = 88CE6FB6287BDEA5006CD8FA;
			productRefGroup = 88CE6FC0287BDEA5006CD8FA /* Products */;
			projectDirPath = "";
			projectRoot = "";
			targets = (
				88CE6FBE287BDEA5006CD8FA /* RemoteLoggeriOSPodFile */,
			);
		};
/* End PBXProject section */

/* Begin PBXResourcesBuildPhase section */
		88CE6FBD287BDEA5006CD8FA /* Resources */ = {
			isa = PBXResourcesBuildPhase;
			buildActionMask = 2147483647;
			files = (
				88CE6FCF287BDEA6006CD8FA /* LaunchScreen.storyboard in Resources */,
				88CE6FCC287BDEA6006CD8FA /* Assets.xcassets in Resources */,
				88CE6FCA287BDEA5006CD8FA /* Main.storyboard in Resources */,
			);
			runOnlyForDeploymentPostprocessing = 0;
		};
/* End PBXResourcesBuildPhase section */

/* Begin PBXSourcesBuildPhase section */
		88CE6FBB287BDEA5006CD8FA /* Sources */ = {
			isa = PBXSourcesBuildPhase;
			buildActionMask = 2147483647;
			files = (
				88AD97E1288812A400C6CFBF /* LocalStorageEngine.swift in Sources */,
				88AD97E5288812A400C6CFBF /* RequestLogModel.swift in Sources */,
				88CE6FC7287BDEA5006CD8FA /* ViewController.swift in Sources */,
				88AD97E3288812A400C6CFBF /* RemoteLogger.swift in Sources */,
				88AD97DF288812A400C6CFBF /* ApiCall.swift in Sources */,
				88AD97E6288812A400C6CFBF /* File.swift in Sources */,
				88AD97E2288812A400C6CFBF /* Extension.swift in Sources */,
				88CE6FE5287BDF14006CD8FA /* AppDelegate.swift in Sources */,
				88AD97E4288812A400C6CFBF /* Reachability.swift in Sources */,
				88AD97E0288812A400C6CFBF /* Webservice+EndPoints.swift in Sources */,
			);
			runOnlyForDeploymentPostprocessing = 0;
		};
/* End PBXSourcesBuildPhase section */

/* Begin PBXVariantGroup section */
		88CE6FC8287BDEA5006CD8FA /* Main.storyboard */ = {
			isa = PBXVariantGroup;
			children = (
				88CE6FC9287BDEA5006CD8FA /* Base */,
			);
			name = Main.storyboard;
			sourceTree = "<group>";
		};
		88CE6FCD287BDEA6006CD8FA /* LaunchScreen.storyboard */ = {
			isa = PBXVariantGroup;
			children = (
				88CE6FCE287BDEA6006CD8FA /* Base */,
			);
			name = LaunchScreen.storyboard;
			sourceTree = "<group>";
		};
/* End PBXVariantGroup section */

/* Begin XCBuildConfiguration section */
		88CE6FD1287BDEA6006CD8FA /* Debug */ = {
			isa = XCBuildConfiguration;
			buildSettings = {
				ALWAYS_SEARCH_USER_PATHS = NO;
				CLANG_ANALYZER_NONNULL = YES;
				CLANG_ANALYZER_NUMBER_OBJECT_CONVERSION = YES_AGGRESSIVE;
				CLANG_CXX_LANGUAGE_STANDARD = "gnu++17";
				CLANG_CXX_LIBRARY = "libc++";
				CLANG_ENABLE_MODULES = YES;
				CLANG_ENABLE_OBJC_ARC = YES;
				CLANG_ENABLE_OBJC_WEAK = YES;
				CLANG_WARN_BLOCK_CAPTURE_AUTORELEASING = YES;
				CLANG_WARN_BOOL_CONVERSION = YES;
				CLANG_WARN_COMMA = YES;
				CLANG_WARN_CONSTANT_CONVERSION = YES;
				CLANG_WARN_DEPRECATED_OBJC_IMPLEMENTATIONS = YES;
				CLANG_WARN_DIRECT_OBJC_ISA_USAGE = YES_ERROR;
				CLANG_WARN_DOCUMENTATION_COMMENTS = YES;
				CLANG_WARN_EMPTY_BODY = YES;
				CLANG_WARN_ENUM_CONVERSION = YES;
				CLANG_WARN_INFINITE_RECURSION = YES;
				CLANG_WARN_INT_CONVERSION = YES;
				CLANG_WARN_NON_LITERAL_NULL_CONVERSION = YES;
				CLANG_WARN_OBJC_IMPLICIT_RETAIN_SELF = YES;
				CLANG_WARN_OBJC_LITERAL_CONVERSION = YES;
				CLANG_WARN_OBJC_ROOT_CLASS = YES_ERROR;
				CLANG_WARN_QUOTED_INCLUDE_IN_FRAMEWORK_HEADER = YES;
				CLANG_WARN_RANGE_LOOP_ANALYSIS = YES;
				CLANG_WARN_STRICT_PROTOTYPES = YES;
				CLANG_WARN_SUSPICIOUS_MOVE = YES;
				CLANG_WARN_UNGUARDED_AVAILABILITY = YES_AGGRESSIVE;
				CLANG_WARN_UNREACHABLE_CODE = YES;
				CLANG_WARN__DUPLICATE_METHOD_MATCH = YES;
				COPY_PHASE_STRIP = NO;
				DEBUG_INFORMATION_FORMAT = dwarf;
				ENABLE_STRICT_OBJC_MSGSEND = YES;
				ENABLE_TESTABILITY = YES;
				GCC_C_LANGUAGE_STANDARD = gnu11;
				GCC_DYNAMIC_NO_PIC = NO;
				GCC_NO_COMMON_BLOCKS = YES;
				GCC_OPTIMIZATION_LEVEL = 0;
				GCC_PREPROCESSOR_DEFINITIONS = (
					"DEBUG=1",
					"$(inherited)",
				);
				GCC_WARN_64_TO_32_BIT_CONVERSION = YES;
				GCC_WARN_ABOUT_RETURN_TYPE = YES_ERROR;
				GCC_WARN_UNDECLARED_SELECTOR = YES;
				GCC_WARN_UNINITIALIZED_AUTOS = YES_AGGRESSIVE;
				GCC_WARN_UNUSED_FUNCTION = YES;
				GCC_WARN_UNUSED_VARIABLE = YES;
				IPHONEOS_DEPLOYMENT_TARGET = 12.1;
				MTL_ENABLE_DEBUG_INFO = INCLUDE_SOURCE;
				MTL_FAST_MATH = YES;
				ONLY_ACTIVE_ARCH = YES;
				SDKROOT = iphoneos;
				SWIFT_ACTIVE_COMPILATION_CONDITIONS = DEBUG;
				SWIFT_OPTIMIZATION_LEVEL = "-Onone";
			};
			name = Debug;
		};
		88CE6FD2287BDEA6006CD8FA /* Release */ = {
			isa = XCBuildConfiguration;
			buildSettings = {
				ALWAYS_SEARCH_USER_PATHS = NO;
				CLANG_ANALYZER_NONNULL = YES;
				CLANG_ANALYZER_NUMBER_OBJECT_CONVERSION = YES_AGGRESSIVE;
				CLANG_CXX_LANGUAGE_STANDARD = "gnu++17";
				CLANG_CXX_LIBRARY = "libc++";
				CLANG_ENABLE_MODULES = YES;
				CLANG_ENABLE_OBJC_ARC = YES;
				CLANG_ENABLE_OBJC_WEAK = YES;
				CLANG_WARN_BLOCK_CAPTURE_AUTORELEASING = YES;
				CLANG_WARN_BOOL_CONVERSION = YES;
				CLANG_WARN_COMMA = YES;
				CLANG_WARN_CONSTANT_CONVERSION = YES;
				CLANG_WARN_DEPRECATED_OBJC_IMPLEMENTATIONS = YES;
				CLANG_WARN_DIRECT_OBJC_ISA_USAGE = YES_ERROR;
				CLANG_WARN_DOCUMENTATION_COMMENTS = YES;
				CLANG_WARN_EMPTY_BODY = YES;
				CLANG_WARN_ENUM_CONVERSION = YES;
				CLANG_WARN_INFINITE_RECURSION = YES;
				CLANG_WARN_INT_CONVERSION = YES;
				CLANG_WARN_NON_LITERAL_NULL_CONVERSION = YES;
				CLANG_WARN_OBJC_IMPLICIT_RETAIN_SELF = YES;
				CLANG_WARN_OBJC_LITERAL_CONVERSION = YES;
				CLANG_WARN_OBJC_ROOT_CLASS = YES_ERROR;
				CLANG_WARN_QUOTED_INCLUDE_IN_FRAMEWORK_HEADER = YES;
				CLANG_WARN_RANGE_LOOP_ANALYSIS = YES;
				CLANG_WARN_STRICT_PROTOTYPES = YES;
				CLANG_WARN_SUSPICIOUS_MOVE = YES;
				CLANG_WARN_UNGUARDED_AVAILABILITY = YES_AGGRESSIVE;
				CLANG_WARN_UNREACHABLE_CODE = YES;
				CLANG_WARN__DUPLICATE_METHOD_MATCH = YES;
				COPY_PHASE_STRIP = NO;
				DEBUG_INFORMATION_FORMAT = "dwarf-with-dsym";
				ENABLE_NS_ASSERTIONS = NO;
				ENABLE_STRICT_OBJC_MSGSEND = YES;
				GCC_C_LANGUAGE_STANDARD = gnu11;
				GCC_NO_COMMON_BLOCKS = YES;
				GCC_WARN_64_TO_32_BIT_CONVERSION = YES;
				GCC_WARN_ABOUT_RETURN_TYPE = YES_ERROR;
				GCC_WARN_UNDECLARED_SELECTOR = YES;
				GCC_WARN_UNINITIALIZED_AUTOS = YES_AGGRESSIVE;
				GCC_WARN_UNUSED_FUNCTION = YES;
				GCC_WARN_UNUSED_VARIABLE = YES;
				IPHONEOS_DEPLOYMENT_TARGET = 12.1;
				MTL_ENABLE_DEBUG_INFO = NO;
				MTL_FAST_MATH = YES;
				SDKROOT = iphoneos;
				SWIFT_COMPILATION_MODE = wholemodule;
				SWIFT_OPTIMIZATION_LEVEL = "-O";
				VALIDATE_PRODUCT = YES;
			};
			name = Release;
		};
		88CE6FD4287BDEA6006CD8FA /* Debug */ = {
			isa = XCBuildConfiguration;
			buildSettings = {
				ASSETCATALOG_COMPILER_APPICON_NAME = AppIcon;
				ASSETCATALOG_COMPILER_GLOBAL_ACCENT_COLOR_NAME = AccentColor;
				CODE_SIGN_STYLE = Automatic;
				CURRENT_PROJECT_VERSION = 1;
				GENERATE_INFOPLIST_FILE = YES;
				INFOPLIST_FILE = RemoteLoggeriOSPodFile/Info.plist;
				INFOPLIST_KEY_UIApplicationSupportsIndirectInputEvents = YES;
				INFOPLIST_KEY_UILaunchStoryboardName = LaunchScreen;
				INFOPLIST_KEY_UIMainStoryboardFile = Main;
				INFOPLIST_KEY_UISupportedInterfaceOrientations_iPad = "UIInterfaceOrientationPortrait UIInterfaceOrientationPortraitUpsideDown UIInterfaceOrientationLandscapeLeft UIInterfaceOrientationLandscapeRight";
				INFOPLIST_KEY_UISupportedInterfaceOrientations_iPhone = "UIInterfaceOrientationPortrait UIInterfaceOrientationLandscapeLeft UIInterfaceOrientationLandscapeRight";
				IPHONEOS_DEPLOYMENT_TARGET = 12.1;
				LD_RUNPATH_SEARCH_PATHS = (
					"$(inherited)",
					"@executable_path/Frameworks",
				);
				MARKETING_VERSION = 1.0;
				PRODUCT_BUNDLE_IDENTIFIER = AR.RemoteLoggeriOSPodFile;
				PRODUCT_NAME = "$(TARGET_NAME)";
				SWIFT_EMIT_LOC_STRINGS = YES;
				SWIFT_VERSION = 5.0;
				TARGETED_DEVICE_FAMILY = "1,2";
			};
			name = Debug;
		};
		88CE6FD5287BDEA6006CD8FA /* Release */ = {
			isa = XCBuildConfiguration;
			buildSettings = {
				ASSETCATALOG_COMPILER_APPICON_NAME = AppIcon;
				ASSETCATALOG_COMPILER_GLOBAL_ACCENT_COLOR_NAME = AccentColor;
				CODE_SIGN_STYLE = Automatic;
				CURRENT_PROJECT_VERSION = 1;
				GENERATE_INFOPLIST_FILE = YES;
				INFOPLIST_FILE = RemoteLoggeriOSPodFile/Info.plist;
				INFOPLIST_KEY_UIApplicationSupportsIndirectInputEvents = YES;
				INFOPLIST_KEY_UILaunchStoryboardName = LaunchScreen;
				INFOPLIST_KEY_UIMainStoryboardFile = Main;
				INFOPLIST_KEY_UISupportedInterfaceOrientations_iPad = "UIInterfaceOrientationPortrait UIInterfaceOrientationPortraitUpsideDown UIInterfaceOrientationLandscapeLeft UIInterfaceOrientationLandscapeRight";
				INFOPLIST_KEY_UISupportedInterfaceOrientations_iPhone = "UIInterfaceOrientationPortrait UIInterfaceOrientationLandscapeLeft UIInterfaceOrientationLandscapeRight";
				IPHONEOS_DEPLOYMENT_TARGET = 12.1;
				LD_RUNPATH_SEARCH_PATHS = (
					"$(inherited)",
					"@executable_path/Frameworks",
				);
				MARKETING_VERSION = 1.0;
				PRODUCT_BUNDLE_IDENTIFIER = AR.RemoteLoggeriOSPodFile;
				PRODUCT_NAME = "$(TARGET_NAME)";
				SWIFT_EMIT_LOC_STRINGS = YES;
				SWIFT_VERSION = 5.0;
				TARGETED_DEVICE_FAMILY = "1,2";
			};
			name = Release;
		};
/* End XCBuildConfiguration section */

/* Begin XCConfigurationList section */
		88CE6FBA287BDEA5006CD8FA /* Build configuration list for PBXProject "RemoteLoggeriOSPodFile" */ = {
			isa = XCConfigurationList;
			buildConfigurations = (
				88CE6FD1287BDEA6006CD8FA /* Debug */,
				88CE6FD2287BDEA6006CD8FA /* Release */,
			);
			defaultConfigurationIsVisible = 0;
			defaultConfigurationName = Release;
		};
		88CE6FD3287BDEA6006CD8FA /* Build configuration list for PBXNativeTarget "RemoteLoggeriOSPodFile" */ = {
			isa = XCConfigurationList;
			buildConfigurations = (
				88CE6FD4287BDEA6006CD8FA /* Debug */,
				88CE6FD5287BDEA6006CD8FA /* Release */,
			);
			defaultConfigurationIsVisible = 0;
			defaultConfigurationName = Release;
		};
/* End XCConfigurationList section */
	};
	rootObject = 88CE6FB7287BDEA5006CD8FA /* Project object */;
}
